
Microsoft Visual Studio Solution File, Format Version 12.00
# Visual Studio Version 17
VisualStudioVersion = 17.2.32630.192
MinimumVisualStudioVersion = 10.0.40219.1
Project("{FAE04EC0-301F-11D3-BF4B-00C04F79EFBC}") = "RimionshipServer", "RimionshipServer\RimionshipServer.csproj", "{98E21AF1-10EA-416A-A1B3-1473952BFBE4}"
EndProject
Global
	GlobalSection(SolutionConfigurationPlatforms) = preSolution
		Debug|Any CPU = Debug|Any CPU
		Release|Any CPU = Release|Any CPU
	EndGlobalSection
	GlobalSection(ProjectConfigurationPlatforms) = postSolution
		{98E21AF1-10EA-416A-A1B3-1473952BFBE4}.Debug|Any CPU.ActiveCfg = Debug|Any CPU
		{98E21AF1-10EA-416A-A1B3-1473952BFBE4}.Debug|Any CPU.Build.0 = Debug|Any CPU
		{98E21AF1-10EA-416A-A1B3-1473952BFBE4}.Release|Any CPU.ActiveCfg = Release|Any CPU
		{98E21AF1-10EA-416A-A1B3-1473952BFBE4}.Release|Any CPU.Build.0 = Release|Any CPU
	EndGlobalSection
	GlobalSection(SolutionProperties) = preSolution
		HideSolutionNode = FALSE
	EndGlobalSection
	GlobalSection(ExtensibilityGlobals) = postSolution
		SolutionGuid = {9BE1E8B1-6C55-4A05-A862-03617937ACC8}
	EndGlobalSection
EndGlobal
